
Microsoft Visual Studio Solution File, Format Version 12.00
# Visual Studio 15
VisualStudioVersion = 15.0.27428.2005
MinimumVisualStudioVersion = 10.0.40219.1
Project("{FAE04EC0-301F-11D3-BF4B-00C04F79EFBC}") = "asp-core-teamsnap-oauth", "asp-core-teamsnap-oauth\asp-core-teamsnap-oauth.csproj", "{26A68A98-84EA-4334-9151-510B01B72C31}"
EndProject
Project("{E53339B2-1760-4266-BCC7-CA923CBCF16C}") = "docker-compose", "docker-compose.dcproj", "{4B9764A0-88EC-4776-A745-754C7001FB0C}"
EndProject
Global
	GlobalSection(SolutionConfigurationPlatforms) = preSolution
		Debug|Any CPU = Debug|Any CPU
		Release|Any CPU = Release|Any CPU
	EndGlobalSection
	GlobalSection(ProjectConfigurationPlatforms) = postSolution
		{26A68A98-84EA-4334-9151-510B01B72C31}.Debug|Any CPU.ActiveCfg = Debug|Any CPU
		{26A68A98-84EA-4334-9151-510B01B72C31}.Debug|Any CPU.Build.0 = Debug|Any CPU
		{26A68A98-84EA-4334-9151-510B01B72C31}.Release|Any CPU.ActiveCfg = Release|Any CPU
		{26A68A98-84EA-4334-9151-510B01B72C31}.Release|Any CPU.Build.0 = Release|Any CPU
		{4B9764A0-88EC-4776-A745-754C7001FB0C}.Debug|Any CPU.ActiveCfg = Debug|Any CPU
		{4B9764A0-88EC-4776-A745-754C7001FB0C}.Debug|Any CPU.Build.0 = Debug|Any CPU
		{4B9764A0-88EC-4776-A745-754C7001FB0C}.Release|Any CPU.ActiveCfg = Release|Any CPU
		{4B9764A0-88EC-4776-A745-754C7001FB0C}.Release|Any CPU.Build.0 = Release|Any CPU
	EndGlobalSection
	GlobalSection(SolutionProperties) = preSolution
		HideSolutionNode = FALSE
	EndGlobalSection
	GlobalSection(ExtensibilityGlobals) = postSolution
		SolutionGuid = {C007F0EA-0CA1-457E-9371-2733A6CFB51B}
	EndGlobalSection
EndGlobal
